Microsoft Visual Studio Solution File, Format Version 8.00
Project("{20D4826A-C6FA-45DB-90F4-C717570B9F32}") = "MultiThreadedCS", "MultiThreadedCS.CSDPROJ", "{1A8F624E-DBF8-4896-8CC6-B3D31BBEFE86}"
	ProjectSection(ProjectDependencies) = postProject
	EndProjectSection
EndProject
Global
	GlobalSection(SolutionConfiguration) = preSolution
		Debug = Debug
		Release = Release
	EndGlobalSection
	GlobalSection(ProjectConfiguration) = postSolution
		{1A8F624E-DBF8-4896-8CC6-B3D31BBEFE86}.Debug.ActiveCfg = Debug|Pocket PC
		{1A8F624E-DBF8-4896-8CC6-B3D31BBEFE86}.Debug.Build.0 = Debug|Pocket PC
		{1A8F624E-DBF8-4896-8CC6-B3D31BBEFE86}.Debug.Deploy.0 = Debug|Pocket PC
		{1A8F624E-DBF8-4896-8CC6-B3D31BBEFE86}.Release.ActiveCfg = Release|Pocket PC
		{1A8F624E-DBF8-4896-8CC6-B3D31BBEFE86}.Release.Build.0 = Release|Pocket PC
		{1A8F624E-DBF8-4896-8CC6-B3D31BBEFE86}.Release.Deploy.0 = Release|Pocket PC
	EndGlobalSection
	GlobalSection(ExtensibilityGlobals) = postSolution
	EndGlobalSection
	GlobalSection(ExtensibilityAddIns) = postSolution
	EndGlobalSection
EndGlobal
