Microsoft Visual Studio Solution File, Format Version 8.00
Project("{20D4826A-C6FA-45DB-90F4-C717570B9F32}") = "DataSetFromDatabase", "DataSetFromDatabase.csdproj", "{3A45A61A-94F4-4BFF-ABA0-DF02FB5F5A2D}"
	ProjectSection(ProjectDependencies) = postProject
	EndProjectSection
EndProject
Project("{20D4826A-C6FA-45DB-90F4-C717570B9F32}") = "UtilData", "..\UtilData\UtilData.csdproj", "{BC0704D6-F76E-485C-858B-A33CCC0DDD1A}"
	ProjectSection(ProjectDependencies) = postProject
	EndProjectSection
EndProject
Global
	GlobalSection(SolutionConfiguration) = preSolution
		Debug = Debug
		Release = Release
	EndGlobalSection
	GlobalSection(ProjectConfiguration) = postSolution
		{3A45A61A-94F4-4BFF-ABA0-DF02FB5F5A2D}.Debug.ActiveCfg = Debug|Pocket PC
		{3A45A61A-94F4-4BFF-ABA0-DF02FB5F5A2D}.Debug.Build.0 = Debug|Pocket PC
		{3A45A61A-94F4-4BFF-ABA0-DF02FB5F5A2D}.Debug.Deploy.0 = Debug|Pocket PC
		{3A45A61A-94F4-4BFF-ABA0-DF02FB5F5A2D}.Release.ActiveCfg = Release|Pocket PC
		{3A45A61A-94F4-4BFF-ABA0-DF02FB5F5A2D}.Release.Build.0 = Release|Pocket PC
		{3A45A61A-94F4-4BFF-ABA0-DF02FB5F5A2D}.Release.Deploy.0 = Release|Pocket PC
		{BC0704D6-F76E-485C-858B-A33CCC0DDD1A}.Debug.ActiveCfg = Debug|Pocket PC
		{BC0704D6-F76E-485C-858B-A33CCC0DDD1A}.Debug.Build.0 = Debug|Pocket PC
		{BC0704D6-F76E-485C-858B-A33CCC0DDD1A}.Debug.Deploy.0 = Debug|Pocket PC
		{BC0704D6-F76E-485C-858B-A33CCC0DDD1A}.Release.ActiveCfg = Release|Pocket PC
		{BC0704D6-F76E-485C-858B-A33CCC0DDD1A}.Release.Build.0 = Release|Pocket PC
		{BC0704D6-F76E-485C-858B-A33CCC0DDD1A}.Release.Deploy.0 = Release|Pocket PC
	EndGlobalSection
	GlobalSection(ExtensibilityGlobals) = postSolution
	EndGlobalSection
	GlobalSection(ExtensibilityAddIns) = postSolution
	EndGlobalSection
EndGlobal
