Microsoft Visual Studio Solution File, Format Version 8.00
Project("{20D4826A-C6FA-45DB-90F4-C717570B9F32}") = "DrawRectangles", "DrawRectangles.csdproj", "{96A4295C-3474-4B7D-82F7-AF3110E5CD59}"
	ProjectSection(ProjectDependencies) = postProject
	EndProjectSection
EndProject
Global
	GlobalSection(SolutionConfiguration) = preSolution
		Debug = Debug
		Release = Release
	EndGlobalSection
	GlobalSection(ProjectConfiguration) = postSolution
		{96A4295C-3474-4B7D-82F7-AF3110E5CD59}.Debug.ActiveCfg = Debug|Pocket PC
		{96A4295C-3474-4B7D-82F7-AF3110E5CD59}.Debug.Build.0 = Debug|Pocket PC
		{96A4295C-3474-4B7D-82F7-AF3110E5CD59}.Debug.Deploy.0 = Debug|Pocket PC
		{96A4295C-3474-4B7D-82F7-AF3110E5CD59}.Release.ActiveCfg = Release|Pocket PC
		{96A4295C-3474-4B7D-82F7-AF3110E5CD59}.Release.Build.0 = Release|Pocket PC
		{96A4295C-3474-4B7D-82F7-AF3110E5CD59}.Release.Deploy.0 = Release|Pocket PC
	EndGlobalSection
	GlobalSection(ExtensibilityGlobals) = postSolution
	EndGlobalSection
	GlobalSection(ExtensibilityAddIns) = postSolution
	EndGlobalSection
EndGlobal
