Microsoft Visual Studio Solution File, Format Version 8.00
Project("{20D4826A-C6FA-45DB-90F4-C717570B9F32}") = "PropSheet", "PropSheet.csdproj", "{200D9C5E-3587-438C-834F-9F0F74BDF45A}"
	ProjectSection(ProjectDependencies) = postProject
	EndProjectSection
EndProject
Global
	GlobalSection(SolutionConfiguration) = preSolution
		Debug = Debug
		Release = Release
	EndGlobalSection
	GlobalSection(ProjectConfiguration) = postSolution
		{200D9C5E-3587-438C-834F-9F0F74BDF45A}.Debug.ActiveCfg = Debug|Pocket PC
		{200D9C5E-3587-438C-834F-9F0F74BDF45A}.Debug.Build.0 = Debug|Pocket PC
		{200D9C5E-3587-438C-834F-9F0F74BDF45A}.Debug.Deploy.0 = Debug|Pocket PC
		{200D9C5E-3587-438C-834F-9F0F74BDF45A}.Release.ActiveCfg = Release|Pocket PC
		{200D9C5E-3587-438C-834F-9F0F74BDF45A}.Release.Build.0 = Release|Pocket PC
		{200D9C5E-3587-438C-834F-9F0F74BDF45A}.Release.Deploy.0 = Release|Pocket PC
	EndGlobalSection
	GlobalSection(ExtensibilityGlobals) = postSolution
	EndGlobalSection
	GlobalSection(ExtensibilityAddIns) = postSolution
	EndGlobalSection
EndGlobal
