Microsoft Visual Studio Solution File, Format Version 8.00
Project("{20D4826A-C6FA-45DB-90F4-C717570B9F32}") = "MyAddress", "MyAddress.csdproj", "{1A9374FF-3CAA-4883-9F37-D25713822C61}"
	ProjectSection(ProjectDependencies) = postProject
	EndProjectSection
EndProject
Global
	GlobalSection(SolutionConfiguration) = preSolution
		Debug = Debug
		Release = Release
	EndGlobalSection
	GlobalSection(ProjectConfiguration) = postSolution
		{1A9374FF-3CAA-4883-9F37-D25713822C61}.Debug.ActiveCfg = Debug|Pocket PC
		{1A9374FF-3CAA-4883-9F37-D25713822C61}.Debug.Build.0 = Debug|Pocket PC
		{1A9374FF-3CAA-4883-9F37-D25713822C61}.Debug.Deploy.0 = Debug|Pocket PC
		{1A9374FF-3CAA-4883-9F37-D25713822C61}.Release.ActiveCfg = Release|Pocket PC
		{1A9374FF-3CAA-4883-9F37-D25713822C61}.Release.Build.0 = Release|Pocket PC
		{1A9374FF-3CAA-4883-9F37-D25713822C61}.Release.Deploy.0 = Release|Pocket PC
	EndGlobalSection
	GlobalSection(ExtensibilityGlobals) = postSolution
	EndGlobalSection
	GlobalSection(ExtensibilityAddIns) = postSolution
	EndGlobalSection
EndGlobal
