Microsoft Visual Studio Solution File, Format Version 8.00
Project("{20D4826A-C6FA-45DB-90F4-C717570B9F32}") = "BindArrayListToControls", "BindArrayListToControls.csdproj", "{EB51B187-A791-4FBB-A8BC-8D97C48446C4}"
	ProjectSection(ProjectDependencies) = postProject
	EndProjectSection
EndProject
Global
	GlobalSection(SolutionConfiguration) = preSolution
		Debug = Debug
		Release = Release
	EndGlobalSection
	GlobalSection(ProjectConfiguration) = postSolution
		{EB51B187-A791-4FBB-A8BC-8D97C48446C4}.Debug.ActiveCfg = Debug|Pocket PC
		{EB51B187-A791-4FBB-A8BC-8D97C48446C4}.Debug.Build.0 = Debug|Pocket PC
		{EB51B187-A791-4FBB-A8BC-8D97C48446C4}.Debug.Deploy.0 = Debug|Pocket PC
		{EB51B187-A791-4FBB-A8BC-8D97C48446C4}.Release.ActiveCfg = Release|Pocket PC
		{EB51B187-A791-4FBB-A8BC-8D97C48446C4}.Release.Build.0 = Release|Pocket PC
		{EB51B187-A791-4FBB-A8BC-8D97C48446C4}.Release.Deploy.0 = Release|Pocket PC
	EndGlobalSection
	GlobalSection(ExtensibilityGlobals) = postSolution
	EndGlobalSection
	GlobalSection(ExtensibilityAddIns) = postSolution
	EndGlobalSection
EndGlobal
