Microsoft Visual Studio Solution File, Format Version 8.00
Project("{20D4826A-C6FA-45DB-90F4-C717570B9F32}") = "ProgramMenu", "ProgramMenu.csdproj", "{9CA0D9F8-A5CB-4D68-8C82-D0860B75B130}"
	ProjectSection(ProjectDependencies) = postProject
	EndProjectSection
EndProject
Global
	GlobalSection(SolutionConfiguration) = preSolution
		Debug = Debug
		Release = Release
	EndGlobalSection
	GlobalSection(ProjectConfiguration) = postSolution
		{9CA0D9F8-A5CB-4D68-8C82-D0860B75B130}.Debug.ActiveCfg = Debug|Pocket PC
		{9CA0D9F8-A5CB-4D68-8C82-D0860B75B130}.Debug.Build.0 = Debug|Pocket PC
		{9CA0D9F8-A5CB-4D68-8C82-D0860B75B130}.Debug.Deploy.0 = Debug|Pocket PC
		{9CA0D9F8-A5CB-4D68-8C82-D0860B75B130}.Release.ActiveCfg = Release|Pocket PC
		{9CA0D9F8-A5CB-4D68-8C82-D0860B75B130}.Release.Build.0 = Release|Pocket PC
		{9CA0D9F8-A5CB-4D68-8C82-D0860B75B130}.Release.Deploy.0 = Release|Pocket PC
	EndGlobalSection
	GlobalSection(ExtensibilityGlobals) = postSolution
	EndGlobalSection
	GlobalSection(ExtensibilityAddIns) = postSolution
	EndGlobalSection
EndGlobal
