Microsoft Visual Studio Solution File, Format Version 8.00
Project("{20D4826A-C6FA-45DB-90F4-C717570B9F32}") = "YaoDurant.Allocator", "YaoDurant.Allocator\YaoDurant.Allocator.csdproj", "{226F1EF8-06F7-4AA8-814B-2140F860D9F6}"
	ProjectSection(ProjectDependencies) = postProject
	EndProjectSection
EndProject
Global
	GlobalSection(SolutionConfiguration) = preSolution
		Debug = Debug
		Release = Release
	EndGlobalSection
	GlobalSection(ProjectConfiguration) = postSolution
		{226F1EF8-06F7-4AA8-814B-2140F860D9F6}.Debug.ActiveCfg = Debug|Pocket PC
		{226F1EF8-06F7-4AA8-814B-2140F860D9F6}.Debug.Build.0 = Debug|Pocket PC
		{226F1EF8-06F7-4AA8-814B-2140F860D9F6}.Debug.Deploy.0 = Debug|Pocket PC
		{226F1EF8-06F7-4AA8-814B-2140F860D9F6}.Release.ActiveCfg = Release|Pocket PC
		{226F1EF8-06F7-4AA8-814B-2140F860D9F6}.Release.Build.0 = Release|Pocket PC
		{226F1EF8-06F7-4AA8-814B-2140F860D9F6}.Release.Deploy.0 = Release|Pocket PC
	EndGlobalSection
	GlobalSection(ExtensibilityGlobals) = postSolution
	EndGlobalSection
	GlobalSection(ExtensibilityAddIns) = postSolution
	EndGlobalSection
EndGlobal
